
Microsoft Visual Studio Solution File, Format Version 12.00
# Visual Studio Version 16
VisualStudioVersion = 16.0.29911.84
MinimumVisualStudioVersion = 10.0.40219.1
Project("{9A19103F-16F7-4668-BE54-9A1E7A4F7556}") = "OdeToFood", "OdeToFood\OdeToFood.csproj", "{50AEFF51-68A7-4F0D-AED9-EE2926CF2E3F}"
EndProject
Project("{9A19103F-16F7-4668-BE54-9A1E7A4F7556}") = "OdeToFood.Core", "OdeToFood.Core\OdeToFood.Core.csproj", "{58DCC3DB-3CB1-4B05-B5AD-D6E33E872450}"
EndProject
Project("{FAE04EC0-301F-11D3-BF4B-00C04F79EFBC}") = "OdeToFood.Data", "OdeToFood.Data\OdeToFood.Data.csproj", "{F2D8BD3A-0CAA-48F6-A10D-00EDD65DA846}"
EndProject
Global
	GlobalSection(SolutionConfigurationPlatforms) = preSolution
		Debug|Any CPU = Debug|Any CPU
		Release|Any CPU = Release|Any CPU
	EndGlobalSection
	GlobalSection(ProjectConfigurationPlatforms) = postSolution
		{50AEFF51-68A7-4F0D-AED9-EE2926CF2E3F}.Debug|Any CPU.ActiveCfg = Debug|Any CPU
		{50AEFF51-68A7-4F0D-AED9-EE2926CF2E3F}.Debug|Any CPU.Build.0 = Debug|Any CPU
		{50AEFF51-68A7-4F0D-AED9-EE2926CF2E3F}.Release|Any CPU.ActiveCfg = Release|Any CPU
		{50AEFF51-68A7-4F0D-AED9-EE2926CF2E3F}.Release|Any CPU.Build.0 = Release|Any CPU
		{58DCC3DB-3CB1-4B05-B5AD-D6E33E872450}.Debug|Any CPU.ActiveCfg = Debug|Any CPU
		{58DCC3DB-3CB1-4B05-B5AD-D6E33E872450}.Debug|Any CPU.Build.0 = Debug|Any CPU
		{58DCC3DB-3CB1-4B05-B5AD-D6E33E872450}.Release|Any CPU.ActiveCfg = Release|Any CPU
		{58DCC3DB-3CB1-4B05-B5AD-D6E33E872450}.Release|Any CPU.Build.0 = Release|Any CPU
		{F2D8BD3A-0CAA-48F6-A10D-00EDD65DA846}.Debug|Any CPU.ActiveCfg = Debug|Any CPU
		{F2D8BD3A-0CAA-48F6-A10D-00EDD65DA846}.Debug|Any CPU.Build.0 = Debug|Any CPU
		{F2D8BD3A-0CAA-48F6-A10D-00EDD65DA846}.Release|Any CPU.ActiveCfg = Release|Any CPU
		{F2D8BD3A-0CAA-48F6-A10D-00EDD65DA846}.Release|Any CPU.Build.0 = Release|Any CPU
	EndGlobalSection
	GlobalSection(SolutionProperties) = preSolution
		HideSolutionNode = FALSE
	EndGlobalSection
	GlobalSection(ExtensibilityGlobals) = postSolution
		SolutionGuid = {5F10D0CD-ABBF-4617-83CD-FF4CC6B42836}
	EndGlobalSection
EndGlobal
